// !$*UTF8*$!
{
	archiveVersion = 1;
	classes = {
	};
	objectVersion = 50;
	objects = {

/* Begin PBXBuildFile section */
		324C157A22059F2F0049F897 /* AppDelegate.swift in Sources */ = {isa = PBXBuildFile; fileRef = 324C157922059F2F0049F897 /* AppDelegate.swift */; };
		324C157C22059F2F0049F897 /* ViewController.swift in Sources */ = {isa = PBXBuildFile; fileRef = 324C157B22059F2F0049F897 /* ViewController.swift */; };
		324C157F22059F2F0049F897 /* Main.storyboard in Resources */ = {isa = PBXBuildFile; fileRef = 324C157D22059F2F0049F897 /* Main.storyboard */; };
		324C158122059F350049F897 /* Assets.xcassets in Resources */ = {isa = PBXBuildFile; fileRef = 324C158022059F350049F897 /* Assets.xcassets */; };
		324C158422059F350049F897 /* LaunchScreen.storyboard in Resources */ = {isa = PBXBuildFile; fileRef = 324C158222059F350049F897 /* LaunchScreen.storyboard */; };
		4F58062F42E7390C515A229C /* Pods_MovieCollectionView.framework in Frameworks */ = {isa = PBXBuildFile; fileRef = D115122EA2FACFAB62E355E1 /* Pods_MovieCollectionView.framework */; };
/* End PBXBuildFile section */

/* Begin PBXFileReference section */
		324C157622059F2F0049F897 /* MovieCollectionView.app */ = {isa = PBXFileReference; explicitFileType = wrapper.application; includeInIndex = 0; path = MovieCollectionView.app; sourceTree = BUILT_PRODUCTS_DIR; };
		324C157922059F2F0049F897 /* AppDelegate.swift */ = {isa = PBXFileReference; lastKnownFileType = sourcecode.swift; path = AppDelegate.swift; sourceTree = "<group>"; };
		324C157B22059F2F0049F897 /* ViewController.swift */ = {isa = PBXFileReference; lastKnownFileType = sourcecode.swift; path = ViewController.swift; sourceTree = "<group>"; };
		324C157E22059F2F0049F897 /* Base */ = {isa = PBXFileReference; lastKnownFileType = file.storyboard; name = Base; path = Base.lproj/Main.storyboard; sourceTree = "<group>"; };
		324C158022059F350049F897 /* Assets.xcassets */ = {isa = PBXFileReference; lastKnownFileType = folder.assetcatalog; path = Assets.xcassets; sourceTree = "<group>"; };
		324C158322059F350049F897 /* Base */ = {isa = PBXFileReference; lastKnownFileType = file.storyboard; name = Base; path = Base.lproj/LaunchScreen.storyboard; sourceTree = "<group>"; };
		324C158522059F350049F897 /* Info.plist */ = {isa = PBXFileReference; lastKnownFileType = text.plist.xml; path = Info.plist; sourceTree = "<group>"; };
		4F10A714C00F92D644CA003A /* Pods-MovieCollectionView.debug.xcconfig */ = {isa = PBXFileReference; includeInIndex = 1; lastKnownFileType = text.xcconfig; name = "Pods-MovieCollectionView.debug.xcconfig"; path = "Target Support Files/Pods-MovieCollectionView/Pods-MovieCollectionView.debug.xcconfig"; sourceTree = "<group>"; };
		54ADA87FE26CB22CADDC7746 /* Pods-MovieCollectionView.release.xcconfig */ = {isa = PBXFileReference; includeInIndex = 1; lastKnownFileType = text.xcconfig; name = "Pods-MovieCollectionView.release.xcconfig"; path = "Target Support Files/Pods-MovieCollectionView/Pods-MovieCollectionView.release.xcconfig"; sourceTree = "<group>"; };
		D115122EA2FACFAB62E355E1 /* Pods_MovieCollectionView.framework */ = {isa = PBXFileReference; explicitFileType = wrapper.framework; includeInIndex = 0; path = Pods_MovieCollectionView.framework; sourceTree = BUILT_PRODUCTS_DIR; };
/* End PBXFileReference section */

/* Begin PBXFrameworksBuildPhase section */
		324C157322059F2F0049F897 /* Frameworks */ = {
			isa = PBXFrameworksBuildPhase;
			buildActionMask = 2147483647;
			files = (
				4F58062F42E7390C515A229C /* Pods_MovieCollectionView.framework in Frameworks */,
			);
			runOnlyForDeploymentPostprocessing = 0;
		};
/* End PBXFrameworksBuildPhase section */

/* Begin PBXGroup section */
		324C156D22059F2F0049F897 = {
			isa = PBXGroup;
			children = (
				324C157822059F2F0049F897 /* MovieCollectionView */,
				324C157722059F2F0049F897 /* Products */,
				FF2614F4B0A332BC9FB0A5F9 /* Pods */,
				862F04F2B6030BC8F5B4685B /* Frameworks */,
			);
			sourceTree = "<group>";
		};
		324C157722059F2F0049F897 /* Products */ = {
			isa = PBXGroup;
			children = (
				324C157622059F2F0049F897 /* MovieCollectionView.app */,
			);
			name = Products;
			sourceTree = "<group>";
		};
		324C157822059F2F0049F897 /* MovieCollectionView */ = {
			isa = PBXGroup;
			children = (
				324C157922059F2F0049F897 /* AppDelegate.swift */,
				324C157B22059F2F0049F897 /* ViewController.swift */,
				324C157D22059F2F0049F897 /* Main.storyboard */,
				324C158022059F350049F897 /* Assets.xcassets */,
				324C158222059F350049F897 /* LaunchScreen.storyboard */,
				324C158522059F350049F897 /* Info.plist */,
			);
			path = MovieCollectionView;
			sourceTree = "<group>";
		};
		862F04F2B6030BC8F5B4685B /* Frameworks */ = {
			isa = PBXGroup;
			children = (
				D115122EA2FACFAB62E355E1 /* Pods_MovieCollectionView.framework */,
			);
			name = Frameworks;
			sourceTree = "<group>";
		};
		FF2614F4B0A332BC9FB0A5F9 /* Pods */ = {
			isa = PBXGroup;
			children = (
				4F10A714C00F92D644CA003A /* Pods-MovieCollectionView.debug.xcconfig */,
				54ADA87FE26CB22CADDC7746 /* Pods-MovieCollectionView.release.xcconfig */,
			);
			name = Pods;
			path = Pods;
			sourceTree = "<group>";
		};
/* End PBXGroup section */

/* Begin PBXNativeTarget section */
		324C157522059F2F0049F897 /* MovieCollectionView */ = {
			isa = PBXNativeTarget;
			buildConfigurationList = 324C158822059F350049F897 /* Build configuration list for PBXNativeTarget "MovieCollectionView" */;
			buildPhases = (
				46C3DFC2958D70613414D701 /* [CP] Check Pods Manifest.lock */,
				324C157222059F2F0049F897 /* Sources */,
				324C157322059F2F0049F897 /* Frameworks */,
				324C157422059F2F0049F897 /* Resources */,
				896710B96E868B976CB07404 /* [CP] Embed Pods Frameworks */,
			);
			buildRules = (
			);
			dependencies = (
			);
			name = MovieCollectionView;
			productName = MovieCollectionView;
			productReference = 324C157622059F2F0049F897 /* MovieCollectionView.app */;
			productType = "com.apple.product-type.application";
		};
/* End PBXNativeTarget section */

/* Begin PBXProject section */
		324C156E22059F2F0049F897 /* Project object */ = {
			isa = PBXProject;
			attributes = {
				LastSwiftUpdateCheck = 1010;
				LastUpgradeCheck = 1010;
				ORGANIZATIONNAME = "DMI Inc.";
				TargetAttributes = {
					324C157522059F2F0049F897 = {
						CreatedOnToolsVersion = 10.1;
					};
				};
			};
			buildConfigurationList = 324C157122059F2F0049F897 /* Build configuration list for PBXProject "MovieCollectionView" */;
			compatibilityVersion = "Xcode 9.3";
			developmentRegion = en;
			hasScannedForEncodings = 0;
			knownRegions = (
				en,
				Base,
			);
			mainGroup = 324C156D22059F2F0049F897;
			productRefGroup = 324C157722059F2F0049F897 /* Products */;
			projectDirPath = "";
			projectRoot = "";
			targets = (
				324C157522059F2F0049F897 /* MovieCollectionView */,
			);
		};
/* End PBXProject section */

/* Begin PBXResourcesBuildPhase section */
		324C157422059F2F0049F897 /* Resources */ = {
			isa = PBXResourcesBuildPhase;
			buildActionMask = 2147483647;
			files = (
				324C158422059F350049F897 /* LaunchScreen.storyboard in Resources */,
				324C158122059F350049F897 /* Assets.xcassets in Resources */,
				324C157F22059F2F0049F897 /* Main.storyboard in Resources */,
			);
			runOnlyForDeploymentPostprocessing = 0;
		};
/* End PBXResourcesBuildPhase section */

/* Begin PBXShellScriptBuildPhase section */
		46C3DFC2958D70613414D701 /* [CP] Check Pods Manifest.lock */ = {
			isa = PBXShellScriptBuildPhase;
			buildActionMask = 2147483647;
			files = (
			);
			inputFileListPaths = (
			);
			inputPaths = (
				"${PODS_PODFILE_DIR_PATH}/Podfile.lock",
				"${PODS_ROOT}/Manifest.lock",
			);
			name = "[CP] Check Pods Manifest.lock";
			outputFileListPaths = (
			);
			outputPaths = (
				"$(DERIVED_FILE_DIR)/Pods-MovieCollectionView-checkManifestLockResult.txt",
			);
			runOnlyForDeploymentPostprocessing = 0;
			shellPath = /bin/sh;
			shellScript = "diff \"${PODS_PODFILE_DIR_PATH}/Podfile.lock\" \"${PODS_ROOT}/Manifest.lock\" > /dev/null\nif [ $? != 0 ] ; then\n    # print error to STDERR\n    echo \"error: The sandbox is not in sync with the Podfile.lock. Run 'pod install' or update your CocoaPods installation.\" >&2\n    exit 1\nfi\n# This output is used by Xcode 'outputs' to avoid re-running this script phase.\necho \"SUCCESS\" > \"${SCRIPT_OUTPUT_FILE_0}\"\n";
			showEnvVarsInLog = 0;
		};
		896710B96E868B976CB07404 /* [CP] Embed Pods Frameworks */ = {
			isa = PBXShellScriptBuildPhase;
			buildActionMask = 2147483647;
			files = (
			);
			inputFileListPaths = (
			);
			inputPaths = (
				"${PODS_ROOT}/Target Support Files/Pods-MovieCollectionView/Pods-MovieCollectionView-frameworks.sh",
				"${BUILT_PRODUCTS_DIR}/Kingfisher/Kingfisher.framework",
			);
			name = "[CP] Embed Pods Frameworks";
			outputFileListPaths = (
			);
			outputPaths = (
				"${TARGET_BUILD_DIR}/${FRAMEWORKS_FOLDER_PATH}/Kingfisher.framework",
			);
			runOnlyForDeploymentPostprocessing = 0;
			shellPath = /bin/sh;
			shellScript = "\"${PODS_ROOT}/Target Support Files/Pods-MovieCollectionView/Pods-MovieCollectionView-frameworks.sh\"\n";
			showEnvVarsInLog = 0;
		};
/* End PBXShellScriptBuildPhase section */

/* Begin PBXSourcesBuildPhase section */
		324C157222059F2F0049F897 /* Sources */ = {
			isa = PBXSourcesBuildPhase;
			buildActionMask = 2147483647;
			files = (
				324C157C22059F2F0049F897 /* ViewController.swift in Sources */,
				324C157A22059F2F0049F897 /* AppDelegate.swift in Sources */,
			);
			runOnlyForDeploymentPostprocessing = 0;
		};
/* End PBXSourcesBuildPhase section */

/* Begin PBXVariantGroup section */
		324C157D22059F2F0049F897 /* Main.storyboard */ = {
			isa = PBXVariantGroup;
			children = (
				324C157E22059F2F0049F897 /* Base */,
			);
			name = Main.storyboard;
			sourceTree = "<group>";
		};
		324C158222059F350049F897 /* LaunchScreen.storyboard */ = {
			isa = PBXVariantGroup;
			children = (
				324C158322059F350049F897 /* Base */,
			);
			name = LaunchScreen.storyboard;
			sourceTree = "<group>";
		};
/* End PBXVariantGroup section */

/* Begin XCBuildConfiguration section */
		324C158622059F350049F897 /* Debug */ = {
			isa = XCBuildConfiguration;
			buildSettings = {
				ALWAYS_SEARCH_USER_PATHS = NO;
				CLANG_ANALYZER_NONNULL = YES;
				CLANG_ANALYZER_NUMBER_OBJECT_CONVERSION = YES_AGGRESSIVE;
				CLANG_CXX_LANGUAGE_STANDARD = "gnu++14";
				CLANG_CXX_LIBRARY = "libc++";
				CLANG_ENABLE_MODULES = YES;
				CLANG_ENABLE_OBJC_ARC = YES;
				CLANG_ENABLE_OBJC_WEAK = YES;
				CLANG_WARN_BLOCK_CAPTURE_AUTORELEASING = YES;
				CLANG_WARN_BOOL_CONVERSION = YES;
				CLANG_WARN_COMMA = YES;
				CLANG_WARN_CONSTANT_CONVERSION = YES;
				CLANG_WARN_DEPRECATED_OBJC_IMPLEMENTATIONS = YES;
				CLANG_WARN_DIRECT_OBJC_ISA_USAGE = YES_ERROR;
				CLANG_WARN_DOCUMENTATION_COMMENTS = YES;
				CLANG_WARN_EMPTY_BODY = YES;
				CLANG_WARN_ENUM_CONVERSION = YES;
				CLANG_WARN_INFINITE_RECURSION = YES;
				CLANG_WARN_INT_CONVERSION = YES;
				CLANG_WARN_NON_LITERAL_NULL_CONVERSION = YES;
				CLANG_WARN_OBJC_IMPLICIT_RETAIN_SELF = YES;
				CLANG_WARN_OBJC_LITERAL_CONVERSION = YES;
				CLANG_WARN_OBJC_ROOT_CLASS = YES_ERROR;
				CLANG_WARN_RANGE_LOOP_ANALYSIS = YES;
				CLANG_WARN_STRICT_PROTOTYPES = YES;
				CLANG_WARN_SUSPICIOUS_MOVE = YES;
				CLANG_WARN_UNGUARDED_AVAILABILITY = YES_AGGRESSIVE;
				CLANG_WARN_UNREACHABLE_CODE = YES;
				CLANG_WARN__DUPLICATE_METHOD_MATCH = YES;
				CODE_SIGN_IDENTITY = "iPhone Developer";
				COPY_PHASE_STRIP = NO;
				DEBUG_INFORMATION_FORMAT = dwarf;
				ENABLE_STRICT_OBJC_MSGSEND = YES;
				ENABLE_TESTABILITY = YES;
				GCC_C_LANGUAGE_STANDARD = gnu11;
				GCC_DYNAMIC_NO_PIC = NO;
				GCC_NO_COMMON_BLOCKS = YES;
				GCC_OPTIMIZATION_LEVEL = 0;
				GCC_PREPROCESSOR_DEFINITIONS = (
					"DEBUG=1",
					"$(inherited)",
				);
				GCC_WARN_64_TO_32_BIT_CONVERSION = YES;
				GCC_WARN_ABOUT_RETURN_TYPE = YES_ERROR;
				GCC_WARN_UNDECLARED_SELECTOR = YES;
				GCC_WARN_UNINITIALIZED_AUTOS = YES_AGGRESSIVE;
				GCC_WARN_UNUSED_FUNCTION = YES;
				GCC_WARN_UNUSED_VARIABLE = YES;
				IPHONEOS_DEPLOYMENT_TARGET = 12.1;
				MTL_ENABLE_DEBUG_INFO = INCLUDE_SOURCE;
				MTL_FAST_MATH = YES;
				ONLY_ACTIVE_ARCH = YES;
				SDKROOT = iphoneos;
				SWIFT_ACTIVE_COMPILATION_CONDITIONS = DEBUG;
				SWIFT_OPTIMIZATION_LEVEL = "-Onone";
			};
			name = Debug;
		};
		324C158722059F350049F897 /* Release */ = {
			isa = XCBuildConfiguration;
			buildSettings = {
				ALWAYS_SEARCH_USER_PATHS = NO;
				CLANG_ANALYZER_NONNULL = YES;
				CLANG_ANALYZER_NUMBER_OBJECT_CONVERSION = YES_AGGRESSIVE;
				CLANG_CXX_LANGUAGE_STANDARD = "gnu++14";
				CLANG_CXX_LIBRARY = "libc++";
				CLANG_ENABLE_MODULES = YES;
				CLANG_ENABLE_OBJC_ARC = YES;
				CLANG_ENABLE_OBJC_WEAK = YES;
				CLANG_WARN_BLOCK_CAPTURE_AUTORELEASING = YES;
				CLANG_WARN_BOOL_CONVERSION = YES;
				CLANG_WARN_COMMA = YES;
				CLANG_WARN_CONSTANT_CONVERSION = YES;
				CLANG_WARN_DEPRECATED_OBJC_IMPLEMENTATIONS = YES;
				CLANG_WARN_DIRECT_OBJC_ISA_USAGE = YES_ERROR;
				CLANG_WARN_DOCUMENTATION_COMMENTS = YES;
				CLANG_WARN_EMPTY_BODY = YES;
				CLANG_WARN_ENUM_CONVERSION = YES;
				CLANG_WARN_INFINITE_RECURSION = YES;
				CLANG_WARN_INT_CONVERSION = YES;
				CLANG_WARN_NON_LITERAL_NULL_CONVERSION = YES;
				CLANG_WARN_OBJC_IMPLICIT_RETAIN_SELF = YES;
				CLANG_WARN_OBJC_LITERAL_CONVERSION = YES;
				CLANG_WARN_OBJC_ROOT_CLASS = YES_ERROR;
				CLANG_WARN_RANGE_LOOP_ANALYSIS = YES;
				CLANG_WARN_STRICT_PROTOTYPES = YES;
				CLANG_WARN_SUSPICIOUS_MOVE = YES;
				CLANG_WARN_UNGUARDED_AVAILABILITY = YES_AGGRESSIVE;
				CLANG_WARN_UNREACHABLE_CODE = YES;
				CLANG_WARN__DUPLICATE_METHOD_MATCH = YES;
				CODE_SIGN_IDENTITY = "iPhone Developer";
				COPY_PHASE_STRIP = NO;
				DEBUG_INFORMATION_FORMAT = "dwarf-with-dsym";
				ENABLE_NS_ASSERTIONS = NO;
				ENABLE_STRICT_OBJC_MSGSEND = YES;
				GCC_C_LANGUAGE_STANDARD = gnu11;
				GCC_NO_COMMON_BLOCKS = YES;
				GCC_WARN_64_TO_32_BIT_CONVERSION = YES;
				GCC_WARN_ABOUT_RETURN_TYPE = YES_ERROR;
				GCC_WARN_UNDECLARED_SELECTOR = YES;
				GCC_WARN_UNINITIALIZED_AUTOS = YES_AGGRESSIVE;
				GCC_WARN_UNUSED_FUNCTION = YES;
				GCC_WARN_UNUSED_VARIABLE = YES;
				IPHONEOS_DEPLOYMENT_TARGET = 12.1;
				MTL_ENABLE_DEBUG_INFO = NO;
				MTL_FAST_MATH = YES;
				SDKROOT = iphoneos;
				SWIFT_COMPILATION_MODE = wholemodule;
				SWIFT_OPTIMIZATION_LEVEL = "-O";
				VALIDATE_PRODUCT = YES;
			};
			name = Release;
		};
		324C158922059F350049F897 /* Debug */ = {
			isa = XCBuildConfiguration;
			baseConfigurationReference = 4F10A714C00F92D644CA003A /* Pods-MovieCollectionView.debug.xcconfig */;
			buildSettings = {
				ASSETCATALOG_COMPILER_APPICON_NAME = AppIcon;
				CODE_SIGN_STYLE = Automatic;
				DEVELOPMENT_TEAM = 3F5NL8TC9G;
				INFOPLIST_FILE = MovieCollectionView/Info.plist;
				LD_RUNPATH_SEARCH_PATHS = (
					"$(inherited)",
					"@executable_path/Frameworks",
				);
				PRODUCT_BUNDLE_IDENTIFIER = com.dminc.MovieCollectionView;
				PRODUCT_NAME = "$(TARGET_NAME)";
				SWIFT_VERSION = 4.2;
				TARGETED_DEVICE_FAMILY = "1,2";
			};
			name = Debug;
		};
		324C158A22059F350049F897 /* Release */ = {
			isa = XCBuildConfiguration;
			baseConfigurationReference = 54ADA87FE26CB22CADDC7746 /* Pods-MovieCollectionView.release.xcconfig */;
			buildSettings = {
				ASSETCATALOG_COMPILER_APPICON_NAME = AppIcon;
				CODE_SIGN_STYLE = Automatic;
				DEVELOPMENT_TEAM = 3F5NL8TC9G;
				INFOPLIST_FILE = MovieCollectionView/Info.plist;
				LD_RUNPATH_SEARCH_PATHS = (
					"$(inherited)",
					"@executable_path/Frameworks",
				);
				PRODUCT_BUNDLE_IDENTIFIER = com.dminc.MovieCollectionView;
				PRODUCT_NAME = "$(TARGET_NAME)";
				SWIFT_VERSION = 4.2;
				TARGETED_DEVICE_FAMILY = "1,2";
			};
			name = Release;
		};
/* End XCBuildConfiguration section */

/* Begin XCConfigurationList section */
		324C157122059F2F0049F897 /* Build configuration list for PBXProject "MovieCollectionView" */ = {
			isa = XCConfigurationList;
			buildConfigurations = (
				324C158622059F350049F897 /* Debug */,
				324C158722059F350049F897 /* Release */,
			);
			defaultConfigurationIsVisible = 0;
			defaultConfigurationName = Release;
		};
		324C158822059F350049F897 /* Build configuration list for PBXNativeTarget "MovieCollectionView" */ = {
			isa = XCConfigurationList;
			buildConfigurations = (
				324C158922059F350049F897 /* Debug */,
				324C158A22059F350049F897 /* Release */,
			);
			defaultConfigurationIsVisible = 0;
			defaultConfigurationName = Release;
		};
/* End XCConfigurationList section */
	};
	rootObject = 324C156E22059F2F0049F897 /* Project object */;
}
